dependencies:
- name: postgresql
  repository: https://charts.bitnami.com/bitnami
  version: 10.15.0
- name: common
  repository: https://charts.bitnami.com/bitnami
  version: 1.9.1
digest: sha256:6edab78a2ee3670fc169140ebc3879a5e89a115d9f948f9df1c8551859c574d1
generated: "2022-01-06T06:29:52.53163621Z"
