dependencies:
- name: postgresql
  repository: https://charts.bitnami.com/bitnami
  version: 10.10.3
- name: common
  repository: https://charts.bitnami.com/bitnami
  version: 1.10.3
digest: sha256:a40e5b0295f606a85007c1134b575ccb06432e71fc7b2bedaca90bc6f0a38f59
generated: "2022-01-06T06:29:33.407012609Z"
